// !$*UTF8*$!
{
	archiveVersion = 1;
	classes = {
	};
	objectVersion = 56;
	objects = {

/* Begin PBXBuildFile section */
		865782E9298FEBF600380928 /* SplashScreenViewController.swift in Sources */ = {isa = PBXBuildFile; fileRef = 865782E7298FEBF600380928 /* SplashScreenViewController.swift */; };
		865782EA298FEBF600380928 /* SplashScreenViewController.xib in Resources */ = {isa = PBXBuildFile; fileRef = 865782E8298FEBF600380928 /* SplashScreenViewController.xib */; };
		865782ED298FED0C00380928 /* AppCoordinator.swift in Sources */ = {isa = PBXBuildFile; fileRef = 865782EC298FED0C00380928 /* AppCoordinator.swift */; };
		86CC7D2F29931B3E00F1AC21 /* FirebaseAuth in Frameworks */ = {isa = PBXBuildFile; productRef = 86CC7D2E29931B3E00F1AC21 /* FirebaseAuth */; };
		86CC7D3129931B3E00F1AC21 /* FirebaseFirestore in Frameworks */ = {isa = PBXBuildFile; productRef = 86CC7D3029931B3E00F1AC21 /* FirebaseFirestore */; };
		86CC7D3329931B3E00F1AC21 /* FirebaseMessaging in Frameworks */ = {isa = PBXBuildFile; productRef = 86CC7D3229931B3E00F1AC21 /* FirebaseMessaging */; };
		86CC7D3529931EF000F1AC21 /* GoogleService-Info.plist in Resources */ = {isa = PBXBuildFile; fileRef = 86CC7D3429931EF000F1AC21 /* GoogleService-Info.plist */; };
		86F35A24298F037A00BDB116 /* AppDelegate.swift in Sources */ = {isa = PBXBuildFile; fileRef = 86F35A23298F037A00BDB116 /* AppDelegate.swift */; };
		86F35A26298F037A00BDB116 /* SceneDelegate.swift in Sources */ = {isa = PBXBuildFile; fileRef = 86F35A25298F037A00BDB116 /* SceneDelegate.swift */; };
		86F35A2E298F037A00BDB116 /* Beam_Analyzer.xcdatamodeld in Sources */ = {isa = PBXBuildFile; fileRef = 86F35A2C298F037A00BDB116 /* Beam_Analyzer.xcdatamodeld */; };
		86F35A30298F037F00BDB116 /* Assets.xcassets in Resources */ = {isa = PBXBuildFile; fileRef = 86F35A2F298F037F00BDB116 /* Assets.xcassets */; };
/* End PBXBuildFile section */

/* Begin PBXFileReference section */
		865782E7298FEBF600380928 /* SplashScreenViewController.swift */ = {isa = PBXFileReference; lastKnownFileType = sourcecode.swift; path = SplashScreenViewController.swift; sourceTree = "<group>"; };
		865782E8298FEBF600380928 /* SplashScreenViewController.xib */ = {isa = PBXFileReference; lastKnownFileType = file.xib; path = SplashScreenViewController.xib; sourceTree = "<group>"; };
		865782EC298FED0C00380928 /* AppCoordinator.swift */ = {isa = PBXFileReference; lastKnownFileType = sourcecode.swift; path = AppCoordinator.swift; sourceTree = "<group>"; };
		86CC7D3429931EF000F1AC21 /* GoogleService-Info.plist */ = {isa = PBXFileReference; fileEncoding = 4; lastKnownFileType = text.plist.xml; path = "GoogleService-Info.plist"; sourceTree = "<group>"; };
		86F35A20298F037A00BDB116 /* Beam Analyzer.app */ = {isa = PBXFileReference; explicitFileType = wrapper.application; includeInIndex = 0; path = "Beam Analyzer.app"; sourceTree = BUILT_PRODUCTS_DIR; };
		86F35A23298F037A00BDB116 /* AppDelegate.swift */ = {isa = PBXFileReference; lastKnownFileType = sourcecode.swift; path = AppDelegate.swift; sourceTree = "<group>"; };
		86F35A25298F037A00BDB116 /* SceneDelegate.swift */ = {isa = PBXFileReference; lastKnownFileType = sourcecode.swift; path = SceneDelegate.swift; sourceTree = "<group>"; };
		86F35A2D298F037A00BDB116 /* Beam_Analyzer.xcdatamodel */ = {isa = PBXFileReference; lastKnownFileType = wrapper.xcdatamodel; path = Beam_Analyzer.xcdatamodel; sourceTree = "<group>"; };
		86F35A2F298F037F00BDB116 /* Assets.xcassets */ = {isa = PBXFileReference; lastKnownFileType = folder.assetcatalog; path = Assets.xcassets; sourceTree = "<group>"; };
		86F35A34298F037F00BDB116 /* Info.plist */ = {isa = PBXFileReference; lastKnownFileType = text.plist.xml; path = Info.plist; sourceTree = "<group>"; };
/* End PBXFileReference section */

/* Begin PBXFrameworksBuildPhase section */
		86F35A1D298F037A00BDB116 /* Frameworks */ = {
			isa = PBXFrameworksBuildPhase;
			buildActionMask = 2147483647;
			files = (
				86CC7D3329931B3E00F1AC21 /* FirebaseMessaging in Frameworks */,
				86CC7D2F29931B3E00F1AC21 /* FirebaseAuth in Frameworks */,
				86CC7D3129931B3E00F1AC21 /* FirebaseFirestore in Frameworks */,
			);
			runOnlyForDeploymentPostprocessing = 0;
		};
/* End PBXFrameworksBuildPhase section */

/* Begin PBXGroup section */
		865782EB298FEBFB00380928 /* Splash Screen */ = {
			isa = PBXGroup;
			children = (
				865782E7298FEBF600380928 /* SplashScreenViewController.swift */,
				865782E8298FEBF600380928 /* SplashScreenViewController.xib */,
			);
			path = "Splash Screen";
			sourceTree = "<group>";
		};
		865782EE298FEFB600380928 /* App Coordinator */ = {
			isa = PBXGroup;
			children = (
				865782EC298FED0C00380928 /* AppCoordinator.swift */,
			);
			path = "App Coordinator";
			sourceTree = "<group>";
		};
		86F35A17298F037A00BDB116 = {
			isa = PBXGroup;
			children = (
				86F35A22298F037A00BDB116 /* Beam Analyzer */,
				86F35A21298F037A00BDB116 /* Products */,
			);
			sourceTree = "<group>";
		};
		86F35A21298F037A00BDB116 /* Products */ = {
			isa = PBXGroup;
			children = (
				86F35A20298F037A00BDB116 /* Beam Analyzer.app */,
			);
			name = Products;
			sourceTree = "<group>";
		};
		86F35A22298F037A00BDB116 /* Beam Analyzer */ = {
			isa = PBXGroup;
			children = (
				86FAA3342991A36A00A11C74 /* Root */,
				865782EE298FEFB600380928 /* App Coordinator */,
				865782EB298FEBFB00380928 /* Splash Screen */,
				86FAA3352991A39300A11C74 /* Resources */,
				86FAA3372991A3FE00A11C74 /* Supporting Files */,
				86FAA3362991A3B000A11C74 /* Core Data */,
			);
			path = "Beam Analyzer";
			sourceTree = "<group>";
		};
		86FAA3342991A36A00A11C74 /* Root */ = {
			isa = PBXGroup;
			children = (
				86F35A23298F037A00BDB116 /* AppDelegate.swift */,
				86F35A25298F037A00BDB116 /* SceneDelegate.swift */,
			);
			path = Root;
			sourceTree = "<group>";
		};
		86FAA3352991A39300A11C74 /* Resources */ = {
			isa = PBXGroup;
			children = (
				86F35A2F298F037F00BDB116 /* Assets.xcassets */,
			);
			path = Resources;
			sourceTree = "<group>";
		};
		86FAA3362991A3B000A11C74 /* Core Data */ = {
			isa = PBXGroup;
			children = (
				86F35A2C298F037A00BDB116 /* Beam_Analyzer.xcdatamodeld */,
			);
			path = "Core Data";
			sourceTree = "<group>";
		};
		86FAA3372991A3FE00A11C74 /* Supporting Files */ = {
			isa = PBXGroup;
			children = (
				86CC7D3429931EF000F1AC21 /* GoogleService-Info.plist */,
				86F35A34298F037F00BDB116 /* Info.plist */,
			);
			path = "Supporting Files";
			sourceTree = "<group>";
		};
/* End PBXGroup section */

/* Begin PBXNativeTarget section */
		86F35A1F298F037A00BDB116 /* Beam Analyzer */ = {
			isa = PBXNativeTarget;
			buildConfigurationList = 86F35A37298F037F00BDB116 /* Build configuration list for PBXNativeTarget "Beam Analyzer" */;
			buildPhases = (
				86F35A1C298F037A00BDB116 /* Sources */,
				86F35A1D298F037A00BDB116 /* Frameworks */,
				86F35A1E298F037A00BDB116 /* Resources */,
				86FAA3382991A5CA00A11C74 /* SwiftLint */,
			);
			buildRules = (
			);
			dependencies = (
			);
			name = "Beam Analyzer";
			packageProductDependencies = (
				86CC7D2E29931B3E00F1AC21 /* FirebaseAuth */,
				86CC7D3029931B3E00F1AC21 /* FirebaseFirestore */,
				86CC7D3229931B3E00F1AC21 /* FirebaseMessaging */,
			);
			productName = "Beam Analyzer";
			productReference = 86F35A20298F037A00BDB116 /* Beam Analyzer.app */;
			productType = "com.apple.product-type.application";
		};
/* End PBXNativeTarget section */

/* Begin PBXProject section */
		86F35A18298F037A00BDB116 /* Project object */ = {
			isa = PBXProject;
			attributes = {
				BuildIndependentTargetsInParallel = 1;
				LastSwiftUpdateCheck = 1400;
				LastUpgradeCheck = 1400;
				TargetAttributes = {
					86F35A1F298F037A00BDB116 = {
						CreatedOnToolsVersion = 14.0;
					};
				};
			};
			buildConfigurationList = 86F35A1B298F037A00BDB116 /* Build configuration list for PBXProject "Beam Analyzer" */;
			compatibilityVersion = "Xcode 14.0";
			developmentRegion = en;
			hasScannedForEncodings = 0;
			knownRegions = (
				en,
				Base,
			);
			mainGroup = 86F35A17298F037A00BDB116;
			packageReferences = (
				86CC7D2D29931B3E00F1AC21 /* XCRemoteSwiftPackageReference "firebase-ios-sdk" */,
			);
			productRefGroup = 86F35A21298F037A00BDB116 /* Products */;
			projectDirPath = "";
			projectRoot = "";
			targets = (
				86F35A1F298F037A00BDB116 /* Beam Analyzer */,
			);
		};
/* End PBXProject section */

/* Begin PBXResourcesBuildPhase section */
		86F35A1E298F037A00BDB116 /* Resources */ = {
			isa = PBXResourcesBuildPhase;
			buildActionMask = 2147483647;
			files = (
				86F35A30298F037F00BDB116 /* Assets.xcassets in Resources */,
				865782EA298FEBF600380928 /* SplashScreenViewController.xib in Resources */,
				86CC7D3529931EF000F1AC21 /* GoogleService-Info.plist in Resources */,
			);
			runOnlyForDeploymentPostprocessing = 0;
		};
/* End PBXResourcesBuildPhase section */

/* Begin PBXShellScriptBuildPhase section */
		86FAA3382991A5CA00A11C74 /* SwiftLint */ = {
			isa = PBXShellScriptBuildPhase;
			buildActionMask = 2147483647;
			files = (
			);
			inputFileListPaths = (
			);
			inputPaths = (
			);
			name = SwiftLint;
			outputFileListPaths = (
			);
			outputPaths = (
			);
			runOnlyForDeploymentPostprocessing = 0;
			shellPath = /bin/sh;
			shellScript = "if which swiftlint > /dev/null; then\n  swiftlint --fix && swiftlint\nelse\n  echo \"warning: SwiftLint not installed, download from https://github.com/realm/SwiftLint\"\nfi\n";
		};
/* End PBXShellScriptBuildPhase section */

/* Begin PBXSourcesBuildPhase section */
		86F35A1C298F037A00BDB116 /* Sources */ = {
			isa = PBXSourcesBuildPhase;
			buildActionMask = 2147483647;
			files = (
				86F35A2E298F037A00BDB116 /* Beam_Analyzer.xcdatamodeld in Sources */,
				86F35A24298F037A00BDB116 /* AppDelegate.swift in Sources */,
				865782ED298FED0C00380928 /* AppCoordinator.swift in Sources */,
				865782E9298FEBF600380928 /* SplashScreenViewController.swift in Sources */,
				86F35A26298F037A00BDB116 /* SceneDelegate.swift in Sources */,
			);
			runOnlyForDeploymentPostprocessing = 0;
		};
/* End PBXSourcesBuildPhase section */

/* Begin XCBuildConfiguration section */
		86F35A35298F037F00BDB116 /* Debug */ = {
			isa = XCBuildConfiguration;
			buildSettings = {
				ALWAYS_SEARCH_USER_PATHS = NO;
				CLANG_ANALYZER_NONNULL = YES;
				CLANG_ANALYZER_NUMBER_OBJECT_CONVERSION = YES_AGGRESSIVE;
				CLANG_CXX_LANGUAGE_STANDARD = "gnu++20";
				CLANG_ENABLE_MODULES = YES;
				CLANG_ENABLE_OBJC_ARC = YES;
				CLANG_ENABLE_OBJC_WEAK = YES;
				CLANG_WARN_BLOCK_CAPTURE_AUTORELEASING = YES;
				CLANG_WARN_BOOL_CONVERSION = YES;
				CLANG_WARN_COMMA = YES;
				CLANG_WARN_CONSTANT_CONVERSION = YES;
				CLANG_WARN_DEPRECATED_OBJC_IMPLEMENTATIONS = YES;
				CLANG_WARN_DIRECT_OBJC_ISA_USAGE = YES_ERROR;
				CLANG_WARN_DOCUMENTATION_COMMENTS = YES;
				CLANG_WARN_EMPTY_BODY = YES;
				CLANG_WARN_ENUM_CONVERSION = YES;
				CLANG_WARN_INFINITE_RECURSION = YES;
				CLANG_WARN_INT_CONVERSION = YES;
				CLANG_WARN_NON_LITERAL_NULL_CONVERSION = YES;
				CLANG_WARN_OBJC_IMPLICIT_RETAIN_SELF = YES;
				CLANG_WARN_OBJC_LITERAL_CONVERSION = YES;
				CLANG_WARN_OBJC_ROOT_CLASS = YES_ERROR;
				CLANG_WARN_QUOTED_INCLUDE_IN_FRAMEWORK_HEADER = YES;
				CLANG_WARN_RANGE_LOOP_ANALYSIS = YES;
				CLANG_WARN_STRICT_PROTOTYPES = YES;
				CLANG_WARN_SUSPICIOUS_MOVE = YES;
				CLANG_WARN_UNGUARDED_AVAILABILITY = YES_AGGRESSIVE;
				CLANG_WARN_UNREACHABLE_CODE = YES;
				CLANG_WARN__DUPLICATE_METHOD_MATCH = YES;
				COPY_PHASE_STRIP = NO;
				DEBUG_INFORMATION_FORMAT = dwarf;
				ENABLE_STRICT_OBJC_MSGSEND = YES;
				ENABLE_TESTABILITY = YES;
				GCC_C_LANGUAGE_STANDARD = gnu11;
				GCC_DYNAMIC_NO_PIC = NO;
				GCC_NO_COMMON_BLOCKS = YES;
				GCC_OPTIMIZATION_LEVEL = 0;
				GCC_PREPROCESSOR_DEFINITIONS = (
					"DEBUG=1",
					"$(inherited)",
				);
				GCC_WARN_64_TO_32_BIT_CONVERSION = YES;
				GCC_WARN_ABOUT_RETURN_TYPE = YES_ERROR;
				GCC_WARN_UNDECLARED_SELECTOR = YES;
				GCC_WARN_UNINITIALIZED_AUTOS = YES_AGGRESSIVE;
				GCC_WARN_UNUSED_FUNCTION = YES;
				GCC_WARN_UNUSED_VARIABLE = YES;
				IPHONEOS_DEPLOYMENT_TARGET = 16.0;
				MTL_ENABLE_DEBUG_INFO = INCLUDE_SOURCE;
				MTL_FAST_MATH = YES;
				ONLY_ACTIVE_ARCH = YES;
				SDKROOT = iphoneos;
				SWIFT_ACTIVE_COMPILATION_CONDITIONS = DEBUG;
				SWIFT_OPTIMIZATION_LEVEL = "-Onone";
			};
			name = Debug;
		};
		86F35A36298F037F00BDB116 /* Release */ = {
			isa = XCBuildConfiguration;
			buildSettings = {
				ALWAYS_SEARCH_USER_PATHS = NO;
				CLANG_ANALYZER_NONNULL = YES;
				CLANG_ANALYZER_NUMBER_OBJECT_CONVERSION = YES_AGGRESSIVE;
				CLANG_CXX_LANGUAGE_STANDARD = "gnu++20";
				CLANG_ENABLE_MODULES = YES;
				CLANG_ENABLE_OBJC_ARC = YES;
				CLANG_ENABLE_OBJC_WEAK = YES;
				CLANG_WARN_BLOCK_CAPTURE_AUTORELEASING = YES;
				CLANG_WARN_BOOL_CONVERSION = YES;
				CLANG_WARN_COMMA = YES;
				CLANG_WARN_CONSTANT_CONVERSION = YES;
				CLANG_WARN_DEPRECATED_OBJC_IMPLEMENTATIONS = YES;
				CLANG_WARN_DIRECT_OBJC_ISA_USAGE = YES_ERROR;
				CLANG_WARN_DOCUMENTATION_COMMENTS = YES;
				CLANG_WARN_EMPTY_BODY = YES;
				CLANG_WARN_ENUM_CONVERSION = YES;
				CLANG_WARN_INFINITE_RECURSION = YES;
				CLANG_WARN_INT_CONVERSION = YES;
				CLANG_WARN_NON_LITERAL_NULL_CONVERSION = YES;
				CLANG_WARN_OBJC_IMPLICIT_RETAIN_SELF = YES;
				CLANG_WARN_OBJC_LITERAL_CONVERSION = YES;
				CLANG_WARN_OBJC_ROOT_CLASS = YES_ERROR;
				CLANG_WARN_QUOTED_INCLUDE_IN_FRAMEWORK_HEADER = YES;
				CLANG_WARN_RANGE_LOOP_ANALYSIS = YES;
				CLANG_WARN_STRICT_PROTOTYPES = YES;
				CLANG_WARN_SUSPICIOUS_MOVE = YES;
				CLANG_WARN_UNGUARDED_AVAILABILITY = YES_AGGRESSIVE;
				CLANG_WARN_UNREACHABLE_CODE = YES;
				CLANG_WARN__DUPLICATE_METHOD_MATCH = YES;
				COPY_PHASE_STRIP = NO;
				DEBUG_INFORMATION_FORMAT = "dwarf-with-dsym";
				ENABLE_NS_ASSERTIONS = NO;
				ENABLE_STRICT_OBJC_MSGSEND = YES;
				GCC_C_LANGUAGE_STANDARD = gnu11;
				GCC_NO_COMMON_BLOCKS = YES;
				GCC_WARN_64_TO_32_BIT_CONVERSION = YES;
				GCC_WARN_ABOUT_RETURN_TYPE = YES_ERROR;
				GCC_WARN_UNDECLARED_SELECTOR = YES;
				GCC_WARN_UNINITIALIZED_AUTOS = YES_AGGRESSIVE;
				GCC_WARN_UNUSED_FUNCTION = YES;
				GCC_WARN_UNUSED_VARIABLE = YES;
				IPHONEOS_DEPLOYMENT_TARGET = 16.0;
				MTL_ENABLE_DEBUG_INFO = NO;
				MTL_FAST_MATH = YES;
				SDKROOT = iphoneos;
				SWIFT_COMPILATION_MODE = wholemodule;
				SWIFT_OPTIMIZATION_LEVEL = "-O";
				VALIDATE_PRODUCT = YES;
			};
			name = Release;
		};
		86F35A38298F037F00BDB116 /* Debug */ = {
			isa = XCBuildConfiguration;
			buildSettings = {
				ASSETCATALOG_COMPILER_APPICON_NAME = AppIcon;
				ASSETCATALOG_COMPILER_GLOBAL_ACCENT_COLOR_NAME = AccentColor;
				CODE_SIGN_STYLE = Automatic;
				CURRENT_PROJECT_VERSION = 1;
				DEVELOPMENT_TEAM = FYS62UHY46;
				GENERATE_INFOPLIST_FILE = YES;
				INFOPLIST_FILE = "Beam Analyzer/Supporting Files/Info.plist";
				INFOPLIST_KEY_UIApplicationSupportsIndirectInputEvents = YES;
				INFOPLIST_KEY_UILaunchStoryboardName = LaunchScreen;
				INFOPLIST_KEY_UISupportedInterfaceOrientations_iPad = "UIInterfaceOrientationPortrait UIInterfaceOrientationPortraitUpsideDown UIInterfaceOrientationLandscapeLeft UIInterfaceOrientationLandscapeRight";
				INFOPLIST_KEY_UISupportedInterfaceOrientations_iPhone = "UIInterfaceOrientationPortrait UIInterfaceOrientationLandscapeLeft UIInterfaceOrientationLandscapeRight";
				IPHONEOS_DEPLOYMENT_TARGET = 15.0;
				LD_RUNPATH_SEARCH_PATHS = (
					"$(inherited)",
					"@executable_path/Frameworks",
				);
				MARKETING_VERSION = 1.0;
				PRODUCT_BUNDLE_IDENTIFIER = "mehmetali.kisacik.Beam-Analyzer";
				PRODUCT_NAME = "$(TARGET_NAME)";
				SWIFT_EMIT_LOC_STRINGS = YES;
				SWIFT_VERSION = 5.0;
				TARGETED_DEVICE_FAMILY = "1,2";
			};
			name = Debug;
		};
		86F35A39298F037F00BDB116 /* Release */ = {
			isa = XCBuildConfiguration;
			buildSettings = {
				ASSETCATALOG_COMPILER_APPICON_NAME = AppIcon;
				ASSETCATALOG_COMPILER_GLOBAL_ACCENT_COLOR_NAME = AccentColor;
				CODE_SIGN_STYLE = Automatic;
				CURRENT_PROJECT_VERSION = 1;
				DEVELOPMENT_TEAM = FYS62UHY46;
				GENERATE_INFOPLIST_FILE = YES;
				INFOPLIST_FILE = "Beam Analyzer/Supporting Files/Info.plist";
				INFOPLIST_KEY_UIApplicationSupportsIndirectInputEvents = YES;
				INFOPLIST_KEY_UILaunchStoryboardName = LaunchScreen;
				INFOPLIST_KEY_UISupportedInterfaceOrientations_iPad = "UIInterfaceOrientationPortrait UIInterfaceOrientationPortraitUpsideDown UIInterfaceOrientationLandscapeLeft UIInterfaceOrientationLandscapeRight";
				INFOPLIST_KEY_UISupportedInterfaceOrientations_iPhone = "UIInterfaceOrientationPortrait UIInterfaceOrientationLandscapeLeft UIInterfaceOrientationLandscapeRight";
				IPHONEOS_DEPLOYMENT_TARGET = 15.0;
				LD_RUNPATH_SEARCH_PATHS = (
					"$(inherited)",
					"@executable_path/Frameworks",
				);
				MARKETING_VERSION = 1.0;
				PRODUCT_BUNDLE_IDENTIFIER = "mehmetali.kisacik.Beam-Analyzer";
				PRODUCT_NAME = "$(TARGET_NAME)";
				SWIFT_EMIT_LOC_STRINGS = YES;
				SWIFT_VERSION = 5.0;
				TARGETED_DEVICE_FAMILY = "1,2";
			};
			name = Release;
		};
/* End XCBuildConfiguration section */

/* Begin XCConfigurationList section */
		86F35A1B298F037A00BDB116 /* Build configuration list for PBXProject "Beam Analyzer" */ = {
			isa = XCConfigurationList;
			buildConfigurations = (
				86F35A35298F037F00BDB116 /* Debug */,
				86F35A36298F037F00BDB116 /* Release */,
			);
			defaultConfigurationIsVisible = 0;
			defaultConfigurationName = Release;
		};
		86F35A37298F037F00BDB116 /* Build configuration list for PBXNativeTarget "Beam Analyzer" */ = {
			isa = XCConfigurationList;
			buildConfigurations = (
				86F35A38298F037F00BDB116 /* Debug */,
				86F35A39298F037F00BDB116 /* Release */,
			);
			defaultConfigurationIsVisible = 0;
			defaultConfigurationName = Release;
		};
/* End XCConfigurationList section */

/* Begin XCRemoteSwiftPackageReference section */
		86CC7D2D29931B3E00F1AC21 /* XCRemoteSwiftPackageReference "firebase-ios-sdk" */ = {
			isa = XCRemoteSwiftPackageReference;
			repositoryURL = "https://github.com/firebase/firebase-ios-sdk.git";
			requirement = {
				kind = upToNextMajorVersion;
				minimumVersion = 9.0.0;
			};
		};
/* End XCRemoteSwiftPackageReference section */

/* Begin XCSwiftPackageProductDependency section */
		86CC7D2E29931B3E00F1AC21 /* FirebaseAuth */ = {
			isa = XCSwiftPackageProductDependency;
			package = 86CC7D2D29931B3E00F1AC21 /* XCRemoteSwiftPackageReference "firebase-ios-sdk" */;
			productName = FirebaseAuth;
		};
		86CC7D3029931B3E00F1AC21 /* FirebaseFirestore */ = {
			isa = XCSwiftPackageProductDependency;
			package = 86CC7D2D29931B3E00F1AC21 /* XCRemoteSwiftPackageReference "firebase-ios-sdk" */;
			productName = FirebaseFirestore;
		};
		86CC7D3229931B3E00F1AC21 /* FirebaseMessaging */ = {
			isa = XCSwiftPackageProductDependency;
			package = 86CC7D2D29931B3E00F1AC21 /* XCRemoteSwiftPackageReference "firebase-ios-sdk" */;
			productName = FirebaseMessaging;
		};
/* End XCSwiftPackageProductDependency section */

/* Begin XCVersionGroup section */
		86F35A2C298F037A00BDB116 /* Beam_Analyzer.xcdatamodeld */ = {
			isa = XCVersionGroup;
			children = (
				86F35A2D298F037A00BDB116 /* Beam_Analyzer.xcdatamodel */,
			);
			currentVersion = 86F35A2D298F037A00BDB116 /* Beam_Analyzer.xcdatamodel */;
			path = Beam_Analyzer.xcdatamodeld;
			sourceTree = "<group>";
			versionGroupType = wrapper.xcdatamodel;
		};
/* End XCVersionGroup section */
	};
	rootObject = 86F35A18298F037A00BDB116 /* Project object */;
}
