// !$*UTF8*$!
{
	archiveVersion = 1;
	classes = {
	};
	objectVersion = 56;
	objects = {

/* Begin PBXBuildFile section */
		863CFEAC299A29A100EBEE7C /* UIFont+Extensions.swift in Sources */ = {isa = PBXBuildFile; fileRef = 863CFEAB299A29A000EBEE7C /* UIFont+Extensions.swift */; };
		863CFEAF299A2E3200EBEE7C /* UILabel+Extensions.swift in Sources */ = {isa = PBXBuildFile; fileRef = 863CFEAE299A2E3200EBEE7C /* UILabel+Extensions.swift */; };
		863CFEB1299A2E4400EBEE7C /* UIViewController+Extensions.swift in Sources */ = {isa = PBXBuildFile; fileRef = 863CFEB0299A2E4400EBEE7C /* UIViewController+Extensions.swift */; };
		865782E9298FEBF600380928 /* SplashScreenViewController.swift in Sources */ = {isa = PBXBuildFile; fileRef = 865782E7298FEBF600380928 /* SplashScreenViewController.swift */; };
		865782EA298FEBF600380928 /* SplashScreenViewController.xib in Resources */ = {isa = PBXBuildFile; fileRef = 865782E8298FEBF600380928 /* SplashScreenViewController.xib */; };
		865782ED298FED0C00380928 /* AppCoordinator.swift in Sources */ = {isa = PBXBuildFile; fileRef = 865782EC298FED0C00380928 /* AppCoordinator.swift */; };
		86B86F28299D744D00A5E3EA /* RegisterViewController.swift in Sources */ = {isa = PBXBuildFile; fileRef = 86B86F27299D744D00A5E3EA /* RegisterViewController.swift */; };
		86B86F2B299D791000A5E3EA /* RegisterViewModel.swift in Sources */ = {isa = PBXBuildFile; fileRef = 86B86F2A299D791000A5E3EA /* RegisterViewModel.swift */; };
		86B9A7092995B3620077D78B /* LoginViewController.swift in Sources */ = {isa = PBXBuildFile; fileRef = 86B9A7082995B3620077D78B /* LoginViewController.swift */; };
		86B9A70C29962E8E0077D78B /* LoginViewModel.swift in Sources */ = {isa = PBXBuildFile; fileRef = 86B9A70B29962E8E0077D78B /* LoginViewModel.swift */; };
		86B9A7132996A1CF0077D78B /* AuthService.swift in Sources */ = {isa = PBXBuildFile; fileRef = 86B9A7122996A1CF0077D78B /* AuthService.swift */; };
		86B9A7162996BB8A0077D78B /* SnapKit in Frameworks */ = {isa = PBXBuildFile; productRef = 86B9A7152996BB8A0077D78B /* SnapKit */; };
		86B9A7182996CB470077D78B /* CardView.swift in Sources */ = {isa = PBXBuildFile; fileRef = 86B9A7172996CB470077D78B /* CardView.swift */; };
		86F35A24298F037A00BDB116 /* AppDelegate.swift in Sources */ = {isa = PBXBuildFile; fileRef = 86F35A23298F037A00BDB116 /* AppDelegate.swift */; };
		86F35A26298F037A00BDB116 /* SceneDelegate.swift in Sources */ = {isa = PBXBuildFile; fileRef = 86F35A25298F037A00BDB116 /* SceneDelegate.swift */; };
		86F35A2E298F037A00BDB116 /* Beam_Analyzer.xcdatamodeld in Sources */ = {isa = PBXBuildFile; fileRef = 86F35A2C298F037A00BDB116 /* Beam_Analyzer.xcdatamodeld */; };
		86F35A30298F037F00BDB116 /* Assets.xcassets in Resources */ = {isa = PBXBuildFile; fileRef = 86F35A2F298F037F00BDB116 /* Assets.xcassets */; };
		CB29B64529C8E1F500720B8F /* ChatViewController.swift in Sources */ = {isa = PBXBuildFile; fileRef = CB29B64429C8E1F500720B8F /* ChatViewController.swift */; };
		CB2C6BF729D1F5CD00617083 /* SettingsViewController.swift in Sources */ = {isa = PBXBuildFile; fileRef = CB2C6BF629D1F5CD00617083 /* SettingsViewController.swift */; };
		CB3DD32F29C7BC6D000A7E07 /* MenuViewController.swift in Sources */ = {isa = PBXBuildFile; fileRef = CB3DD32E29C7BC6D000A7E07 /* MenuViewController.swift */; };
		CB3DD33529C7C78B000A7E07 /* ConversationsViewController.swift in Sources */ = {isa = PBXBuildFile; fileRef = CB3DD33429C7C78B000A7E07 /* ConversationsViewController.swift */; };
		CB3DD33929C7C86D000A7E07 /* ConversationTableViewCell.swift in Sources */ = {isa = PBXBuildFile; fileRef = CB3DD33829C7C86D000A7E07 /* ConversationTableViewCell.swift */; };
		CB3DD33E29C7CB2E000A7E07 /* MenuViewModel.swift in Sources */ = {isa = PBXBuildFile; fileRef = CB3DD33D29C7CB2E000A7E07 /* MenuViewModel.swift */; };
		CB89339A29D0978A00ACC5F3 /* MessagingTabBarController.swift in Sources */ = {isa = PBXBuildFile; fileRef = CB89339929D0978A00ACC5F3 /* MessagingTabBarController.swift */; };
		CB89339D29D09D3700ACC5F3 /* SearchUsersViewController.swift in Sources */ = {isa = PBXBuildFile; fileRef = CB89339C29D09D3700ACC5F3 /* SearchUsersViewController.swift */; };
		CB8933A029D0BA8200ACC5F3 /* SearchUsersViewModel.swift in Sources */ = {isa = PBXBuildFile; fileRef = CB89339F29D0BA8200ACC5F3 /* SearchUsersViewModel.swift */; };
		CB8933A229D0C0FF00ACC5F3 /* SearchUsersTableViewCell.swift in Sources */ = {isa = PBXBuildFile; fileRef = CB8933A129D0C0FF00ACC5F3 /* SearchUsersTableViewCell.swift */; };
		CB8933A629D0DDFD00ACC5F3 /* NVActivityIndicatorView in Frameworks */ = {isa = PBXBuildFile; productRef = CB8933A529D0DDFD00ACC5F3 /* NVActivityIndicatorView */; };
		CBB597C629C7D44F00095AF8 /* ConversationsViewModel.swift in Sources */ = {isa = PBXBuildFile; fileRef = CBB597C529C7D44F00095AF8 /* ConversationsViewModel.swift */; };
		CBD0E15129BF8787004599ED /* FirebaseAuth in Frameworks */ = {isa = PBXBuildFile; productRef = CBD0E15029BF8787004599ED /* FirebaseAuth */; };
		CBD0E15329BF8787004599ED /* FirebaseDatabase in Frameworks */ = {isa = PBXBuildFile; productRef = CBD0E15229BF8787004599ED /* FirebaseDatabase */; };
		CBD0E15529BF8787004599ED /* FirebaseDatabaseSwift in Frameworks */ = {isa = PBXBuildFile; productRef = CBD0E15429BF8787004599ED /* FirebaseDatabaseSwift */; };
		CBD0E15729BF8787004599ED /* FirebaseMessaging in Frameworks */ = {isa = PBXBuildFile; productRef = CBD0E15629BF8787004599ED /* FirebaseMessaging */; };
		CBD0E15929BF8D54004599ED /* GoogleService-Info.plist in Resources */ = {isa = PBXBuildFile; fileRef = CBD0E15829BF8D53004599ED /* GoogleService-Info.plist */; };
		CBD0E15B29BF9377004599ED /* DatabaseService.swift in Sources */ = {isa = PBXBuildFile; fileRef = CBD0E15A29BF9377004599ED /* DatabaseService.swift */; };
		CBD0E15D29BFC750004599ED /* UIStackView+Extensions.swift in Sources */ = {isa = PBXBuildFile; fileRef = CBD0E15C29BFC750004599ED /* UIStackView+Extensions.swift */; };
/* End PBXBuildFile section */

/* Begin PBXFileReference section */
		863CFEAB299A29A000EBEE7C /* UIFont+Extensions.swift */ = {isa = PBXFileReference; lastKnownFileType = sourcecode.swift; path = "UIFont+Extensions.swift"; sourceTree = "<group>"; };
		863CFEAE299A2E3200EBEE7C /* UILabel+Extensions.swift */ = {isa = PBXFileReference; lastKnownFileType = sourcecode.swift; path = "UILabel+Extensions.swift"; sourceTree = "<group>"; };
		863CFEB0299A2E4400EBEE7C /* UIViewController+Extensions.swift */ = {isa = PBXFileReference; lastKnownFileType = sourcecode.swift; path = "UIViewController+Extensions.swift"; sourceTree = "<group>"; };
		865782E7298FEBF600380928 /* SplashScreenViewController.swift */ = {isa = PBXFileReference; lastKnownFileType = sourcecode.swift; path = SplashScreenViewController.swift; sourceTree = "<group>"; };
		865782E8298FEBF600380928 /* SplashScreenViewController.xib */ = {isa = PBXFileReference; lastKnownFileType = file.xib; path = SplashScreenViewController.xib; sourceTree = "<group>"; };
		865782EC298FED0C00380928 /* AppCoordinator.swift */ = {isa = PBXFileReference; lastKnownFileType = sourcecode.swift; path = AppCoordinator.swift; sourceTree = "<group>"; };
		86B86F27299D744D00A5E3EA /* RegisterViewController.swift */ = {isa = PBXFileReference; lastKnownFileType = sourcecode.swift; path = RegisterViewController.swift; sourceTree = "<group>"; };
		86B86F2A299D791000A5E3EA /* RegisterViewModel.swift */ = {isa = PBXFileReference; lastKnownFileType = sourcecode.swift; path = RegisterViewModel.swift; sourceTree = "<group>"; };
		86B9A7082995B3620077D78B /* LoginViewController.swift */ = {isa = PBXFileReference; lastKnownFileType = sourcecode.swift; path = LoginViewController.swift; sourceTree = "<group>"; };
		86B9A70B29962E8E0077D78B /* LoginViewModel.swift */ = {isa = PBXFileReference; lastKnownFileType = sourcecode.swift; path = LoginViewModel.swift; sourceTree = "<group>"; };
		86B9A7122996A1CF0077D78B /* AuthService.swift */ = {isa = PBXFileReference; lastKnownFileType = sourcecode.swift; path = AuthService.swift; sourceTree = "<group>"; };
		86B9A7172996CB470077D78B /* CardView.swift */ = {isa = PBXFileReference; lastKnownFileType = sourcecode.swift; path = CardView.swift; sourceTree = "<group>"; };
		86F35A20298F037A00BDB116 /* Beam Analyzer.app */ = {isa = PBXFileReference; explicitFileType = wrapper.application; includeInIndex = 0; path = "Beam Analyzer.app"; sourceTree = BUILT_PRODUCTS_DIR; };
		86F35A23298F037A00BDB116 /* AppDelegate.swift */ = {isa = PBXFileReference; lastKnownFileType = sourcecode.swift; path = AppDelegate.swift; sourceTree = "<group>"; };
		86F35A25298F037A00BDB116 /* SceneDelegate.swift */ = {isa = PBXFileReference; lastKnownFileType = sourcecode.swift; path = SceneDelegate.swift; sourceTree = "<group>"; };
		86F35A2D298F037A00BDB116 /* Beam_Analyzer.xcdatamodel */ = {isa = PBXFileReference; lastKnownFileType = wrapper.xcdatamodel; path = Beam_Analyzer.xcdatamodel; sourceTree = "<group>"; };
		86F35A2F298F037F00BDB116 /* Assets.xcassets */ = {isa = PBXFileReference; lastKnownFileType = folder.assetcatalog; path = Assets.xcassets; sourceTree = "<group>"; };
		86F35A34298F037F00BDB116 /* Info.plist */ = {isa = PBXFileReference; lastKnownFileType = text.plist.xml; path = Info.plist; sourceTree = "<group>"; };
		CB29B64429C8E1F500720B8F /* ChatViewController.swift */ = {isa = PBXFileReference; lastKnownFileType = sourcecode.swift; path = ChatViewController.swift; sourceTree = "<group>"; };
		CB2C6BF629D1F5CD00617083 /* SettingsViewController.swift */ = {isa = PBXFileReference; lastKnownFileType = sourcecode.swift; path = SettingsViewController.swift; sourceTree = "<group>"; };
		CB3DD32E29C7BC6D000A7E07 /* MenuViewController.swift */ = {isa = PBXFileReference; lastKnownFileType = sourcecode.swift; path = MenuViewController.swift; sourceTree = "<group>"; };
		CB3DD33429C7C78B000A7E07 /* ConversationsViewController.swift */ = {isa = PBXFileReference; lastKnownFileType = sourcecode.swift; path = ConversationsViewController.swift; sourceTree = "<group>"; };
		CB3DD33829C7C86D000A7E07 /* ConversationTableViewCell.swift */ = {isa = PBXFileReference; lastKnownFileType = sourcecode.swift; path = ConversationTableViewCell.swift; sourceTree = "<group>"; };
		CB3DD33D29C7CB2E000A7E07 /* MenuViewModel.swift */ = {isa = PBXFileReference; lastKnownFileType = sourcecode.swift; path = MenuViewModel.swift; sourceTree = "<group>"; };
		CB89339929D0978A00ACC5F3 /* MessagingTabBarController.swift */ = {isa = PBXFileReference; lastKnownFileType = sourcecode.swift; path = MessagingTabBarController.swift; sourceTree = "<group>"; };
		CB89339C29D09D3700ACC5F3 /* SearchUsersViewController.swift */ = {isa = PBXFileReference; lastKnownFileType = sourcecode.swift; path = SearchUsersViewController.swift; sourceTree = "<group>"; };
		CB89339F29D0BA8200ACC5F3 /* SearchUsersViewModel.swift */ = {isa = PBXFileReference; lastKnownFileType = sourcecode.swift; path = SearchUsersViewModel.swift; sourceTree = "<group>"; };
		CB8933A129D0C0FF00ACC5F3 /* SearchUsersTableViewCell.swift */ = {isa = PBXFileReference; lastKnownFileType = sourcecode.swift; path = SearchUsersTableViewCell.swift; sourceTree = "<group>"; };
		CBB597C529C7D44F00095AF8 /* ConversationsViewModel.swift */ = {isa = PBXFileReference; lastKnownFileType = sourcecode.swift; path = ConversationsViewModel.swift; sourceTree = "<group>"; };
		CBD0E15829BF8D53004599ED /* GoogleService-Info.plist */ = {isa = PBXFileReference; fileEncoding = 4; lastKnownFileType = text.plist.xml; name = "GoogleService-Info.plist"; path = "../../../../../../Downloads/GoogleService-Info.plist"; sourceTree = "<group>"; };
		CBD0E15A29BF9377004599ED /* DatabaseService.swift */ = {isa = PBXFileReference; lastKnownFileType = sourcecode.swift; path = DatabaseService.swift; sourceTree = "<group>"; };
		CBD0E15C29BFC750004599ED /* UIStackView+Extensions.swift */ = {isa = PBXFileReference; lastKnownFileType = sourcecode.swift; path = "UIStackView+Extensions.swift"; sourceTree = "<group>"; };
/* End PBXFileReference section */

/* Begin PBXFrameworksBuildPhase section */
		86F35A1D298F037A00BDB116 /* Frameworks */ = {
			isa = PBXFrameworksBuildPhase;
			buildActionMask = 2147483647;
			files = (
				CBD0E15529BF8787004599ED /* FirebaseDatabaseSwift in Frameworks */,
				CBD0E15329BF8787004599ED /* FirebaseDatabase in Frameworks */,
				CB8933A629D0DDFD00ACC5F3 /* NVActivityIndicatorView in Frameworks */,
				CBD0E15729BF8787004599ED /* FirebaseMessaging in Frameworks */,
				86B9A7162996BB8A0077D78B /* SnapKit in Frameworks */,
				CBD0E15129BF8787004599ED /* FirebaseAuth in Frameworks */,
			);
			runOnlyForDeploymentPostprocessing = 0;
		};
/* End PBXFrameworksBuildPhase section */

/* Begin PBXGroup section */
		863CFEAD299A29A700EBEE7C /* Extensions */ = {
			isa = PBXGroup;
			children = (
				863CFEAB299A29A000EBEE7C /* UIFont+Extensions.swift */,
				863CFEAE299A2E3200EBEE7C /* UILabel+Extensions.swift */,
				863CFEB0299A2E4400EBEE7C /* UIViewController+Extensions.swift */,
				CBD0E15C29BFC750004599ED /* UIStackView+Extensions.swift */,
			);
			path = Extensions;
			sourceTree = "<group>";
		};
		865782EB298FEBFB00380928 /* Splash Screen */ = {
			isa = PBXGroup;
			children = (
				865782E7298FEBF600380928 /* SplashScreenViewController.swift */,
				865782E8298FEBF600380928 /* SplashScreenViewController.xib */,
			);
			path = "Splash Screen";
			sourceTree = "<group>";
		};
		865782EE298FEFB600380928 /* App Coordinator */ = {
			isa = PBXGroup;
			children = (
				865782EC298FED0C00380928 /* AppCoordinator.swift */,
			);
			path = "App Coordinator";
			sourceTree = "<group>";
		};
		86B86F29299D745600A5E3EA /* Register View */ = {
			isa = PBXGroup;
			children = (
				86B86F27299D744D00A5E3EA /* RegisterViewController.swift */,
				86B86F2A299D791000A5E3EA /* RegisterViewModel.swift */,
			);
			path = "Register View";
			sourceTree = "<group>";
		};
		86B9A70A29962E640077D78B /* Login View */ = {
			isa = PBXGroup;
			children = (
				86B9A7082995B3620077D78B /* LoginViewController.swift */,
				86B9A70B29962E8E0077D78B /* LoginViewModel.swift */,
			);
			path = "Login View";
			sourceTree = "<group>";
		};
		86B9A7112996A1810077D78B /* Services */ = {
			isa = PBXGroup;
			children = (
				86B9A7122996A1CF0077D78B /* AuthService.swift */,
				CBD0E15A29BF9377004599ED /* DatabaseService.swift */,
			);
			path = Services;
			sourceTree = "<group>";
		};
		86B9A7192996CB4C0077D78B /* Utils */ = {
			isa = PBXGroup;
			children = (
				86B9A71A2996CEE10077D78B /* UI */,
			);
			path = Utils;
			sourceTree = "<group>";
		};
		86B9A71A2996CEE10077D78B /* UI */ = {
			isa = PBXGroup;
			children = (
				86B9A7172996CB470077D78B /* CardView.swift */,
			);
			path = UI;
			sourceTree = "<group>";
		};
		86F35A17298F037A00BDB116 = {
			isa = PBXGroup;
			children = (
				86F35A22298F037A00BDB116 /* Beam Analyzer */,
				86F35A21298F037A00BDB116 /* Products */,
			);
			sourceTree = "<group>";
		};
		86F35A21298F037A00BDB116 /* Products */ = {
			isa = PBXGroup;
			children = (
				86F35A20298F037A00BDB116 /* Beam Analyzer.app */,
			);
			name = Products;
			sourceTree = "<group>";
		};
		86F35A22298F037A00BDB116 /* Beam Analyzer */ = {
			isa = PBXGroup;
			children = (
				86FAA3342991A36A00A11C74 /* Root */,
				865782EE298FEFB600380928 /* App Coordinator */,
				86B9A70A29962E640077D78B /* Login View */,
				86B86F29299D745600A5E3EA /* Register View */,
				CB3DD33029C7BC77000A7E07 /* Menu View */,
				CB89339B29D0979D00ACC5F3 /* Messaging Tab Bar View */,
				CB3DD33329C7C775000A7E07 /* Conversations View */,
				CB89339E29D09D3E00ACC5F3 /* Search Users View */,
				CB29B64629C8E20300720B8F /* Chat View */,
				865782EB298FEBFB00380928 /* Splash Screen */,
				86B9A7112996A1810077D78B /* Services */,
				863CFEAD299A29A700EBEE7C /* Extensions */,
				86B9A7192996CB4C0077D78B /* Utils */,
				86FAA3352991A39300A11C74 /* Resources */,
				86FAA3372991A3FE00A11C74 /* Supporting Files */,
				86FAA3362991A3B000A11C74 /* Core Data */,
				CB2C6BF629D1F5CD00617083 /* SettingsViewController.swift */,
			);
			path = "Beam Analyzer";
			sourceTree = "<group>";
		};
		86FAA3342991A36A00A11C74 /* Root */ = {
			isa = PBXGroup;
			children = (
				86F35A23298F037A00BDB116 /* AppDelegate.swift */,
				86F35A25298F037A00BDB116 /* SceneDelegate.swift */,
			);
			path = Root;
			sourceTree = "<group>";
		};
		86FAA3352991A39300A11C74 /* Resources */ = {
			isa = PBXGroup;
			children = (
				86F35A2F298F037F00BDB116 /* Assets.xcassets */,
			);
			path = Resources;
			sourceTree = "<group>";
		};
		86FAA3362991A3B000A11C74 /* Core Data */ = {
			isa = PBXGroup;
			children = (
				86F35A2C298F037A00BDB116 /* Beam_Analyzer.xcdatamodeld */,
			);
			path = "Core Data";
			sourceTree = "<group>";
		};
		86FAA3372991A3FE00A11C74 /* Supporting Files */ = {
			isa = PBXGroup;
			children = (
				CBD0E15829BF8D53004599ED /* GoogleService-Info.plist */,
				86F35A34298F037F00BDB116 /* Info.plist */,
			);
			path = "Supporting Files";
			sourceTree = "<group>";
		};
		CB29B64629C8E20300720B8F /* Chat View */ = {
			isa = PBXGroup;
			children = (
				CB29B64429C8E1F500720B8F /* ChatViewController.swift */,
			);
			path = "Chat View";
			sourceTree = "<group>";
		};
		CB3DD33029C7BC77000A7E07 /* Menu View */ = {
			isa = PBXGroup;
			children = (
				CB3DD32E29C7BC6D000A7E07 /* MenuViewController.swift */,
				CB3DD33D29C7CB2E000A7E07 /* MenuViewModel.swift */,
			);
			path = "Menu View";
			sourceTree = "<group>";
		};
		CB3DD33329C7C775000A7E07 /* Conversations View */ = {
			isa = PBXGroup;
			children = (
				CB3DD33429C7C78B000A7E07 /* ConversationsViewController.swift */,
				CBB597C529C7D44F00095AF8 /* ConversationsViewModel.swift */,
				CB3DD33A29C7C872000A7E07 /* Cell */,
			);
			path = "Conversations View";
			sourceTree = "<group>";
		};
		CB3DD33A29C7C872000A7E07 /* Cell */ = {
			isa = PBXGroup;
			children = (
				CB3DD33829C7C86D000A7E07 /* ConversationTableViewCell.swift */,
			);
			path = Cell;
			sourceTree = "<group>";
		};
		CB89339B29D0979D00ACC5F3 /* Messaging Tab Bar View */ = {
			isa = PBXGroup;
			children = (
				CB89339929D0978A00ACC5F3 /* MessagingTabBarController.swift */,
			);
			path = "Messaging Tab Bar View";
			sourceTree = "<group>";
		};
		CB89339E29D09D3E00ACC5F3 /* Search Users View */ = {
			isa = PBXGroup;
			children = (
				CB89339C29D09D3700ACC5F3 /* SearchUsersViewController.swift */,
				CB89339F29D0BA8200ACC5F3 /* SearchUsersViewModel.swift */,
				CB8933A329D0C11E00ACC5F3 /* Cell */,
			);
			path = "Search Users View";
			sourceTree = "<group>";
		};
		CB8933A329D0C11E00ACC5F3 /* Cell */ = {
			isa = PBXGroup;
			children = (
				CB8933A129D0C0FF00ACC5F3 /* SearchUsersTableViewCell.swift */,
			);
			path = Cell;
			sourceTree = "<group>";
		};
/* End PBXGroup section */

/* Begin PBXNativeTarget section */
		86F35A1F298F037A00BDB116 /* Beam Analyzer */ = {
			isa = PBXNativeTarget;
			buildConfigurationList = 86F35A37298F037F00BDB116 /* Build configuration list for PBXNativeTarget "Beam Analyzer" */;
			buildPhases = (
				86F35A1C298F037A00BDB116 /* Sources */,
				86F35A1D298F037A00BDB116 /* Frameworks */,
				86F35A1E298F037A00BDB116 /* Resources */,
				86FAA3382991A5CA00A11C74 /* SwiftLint */,
			);
			buildRules = (
			);
			dependencies = (
			);
			name = "Beam Analyzer";
			packageProductDependencies = (
				86B9A7152996BB8A0077D78B /* SnapKit */,
				CBD0E15029BF8787004599ED /* FirebaseAuth */,
				CBD0E15229BF8787004599ED /* FirebaseDatabase */,
				CBD0E15429BF8787004599ED /* FirebaseDatabaseSwift */,
				CBD0E15629BF8787004599ED /* FirebaseMessaging */,
				CB8933A529D0DDFD00ACC5F3 /* NVActivityIndicatorView */,
			);
			productName = "Beam Analyzer";
			productReference = 86F35A20298F037A00BDB116 /* Beam Analyzer.app */;
			productType = "com.apple.product-type.application";
		};
/* End PBXNativeTarget section */

/* Begin PBXProject section */
		86F35A18298F037A00BDB116 /* Project object */ = {
			isa = PBXProject;
			attributes = {
				BuildIndependentTargetsInParallel = 1;
				LastSwiftUpdateCheck = 1400;
				LastUpgradeCheck = 1400;
				TargetAttributes = {
					86F35A1F298F037A00BDB116 = {
						CreatedOnToolsVersion = 14.0;
					};
				};
			};
			buildConfigurationList = 86F35A1B298F037A00BDB116 /* Build configuration list for PBXProject "Beam Analyzer" */;
			compatibilityVersion = "Xcode 14.0";
			developmentRegion = en;
			hasScannedForEncodings = 0;
			knownRegions = (
				en,
				Base,
			);
			mainGroup = 86F35A17298F037A00BDB116;
			packageReferences = (
				86B9A7142996BB8A0077D78B /* XCRemoteSwiftPackageReference "SnapKit" */,
				CBD0E14F29BF8787004599ED /* XCRemoteSwiftPackageReference "firebase-ios-sdk" */,
				CB8933A429D0DDFD00ACC5F3 /* XCRemoteSwiftPackageReference "NVActivityIndicatorView" */,
			);
			productRefGroup = 86F35A21298F037A00BDB116 /* Products */;
			projectDirPath = "";
			projectRoot = "";
			targets = (
				86F35A1F298F037A00BDB116 /* Beam Analyzer */,
			);
		};
/* End PBXProject section */

/* Begin PBXResourcesBuildPhase section */
		86F35A1E298F037A00BDB116 /* Resources */ = {
			isa = PBXResourcesBuildPhase;
			buildActionMask = 2147483647;
			files = (
				86F35A30298F037F00BDB116 /* Assets.xcassets in Resources */,
				CBD0E15929BF8D54004599ED /* GoogleService-Info.plist in Resources */,
				865782EA298FEBF600380928 /* SplashScreenViewController.xib in Resources */,
			);
			runOnlyForDeploymentPostprocessing = 0;
		};
/* End PBXResourcesBuildPhase section */

/* Begin PBXShellScriptBuildPhase section */
		86FAA3382991A5CA00A11C74 /* SwiftLint */ = {
			isa = PBXShellScriptBuildPhase;
			buildActionMask = 2147483647;
			files = (
			);
			inputFileListPaths = (
			);
			inputPaths = (
			);
			name = SwiftLint;
			outputFileListPaths = (
			);
			outputPaths = (
			);
			runOnlyForDeploymentPostprocessing = 0;
			shellPath = /bin/sh;
			shellScript = "if which swiftlint > /dev/null; then\n  swiftlint --fix && swiftlint\nelse\n  echo \"warning: SwiftLint not installed, download from https://github.com/realm/SwiftLint\"\nfi\n\n";
		};
/* End PBXShellScriptBuildPhase section */

/* Begin PBXSourcesBuildPhase section */
		86F35A1C298F037A00BDB116 /* Sources */ = {
			isa = PBXSourcesBuildPhase;
			buildActionMask = 2147483647;
			files = (
				86B9A7092995B3620077D78B /* LoginViewController.swift in Sources */,
				CB89339A29D0978A00ACC5F3 /* MessagingTabBarController.swift in Sources */,
				CBD0E15D29BFC750004599ED /* UIStackView+Extensions.swift in Sources */,
				CB29B64529C8E1F500720B8F /* ChatViewController.swift in Sources */,
				863CFEAC299A29A100EBEE7C /* UIFont+Extensions.swift in Sources */,
				863CFEAF299A2E3200EBEE7C /* UILabel+Extensions.swift in Sources */,
				CB3DD33929C7C86D000A7E07 /* ConversationTableViewCell.swift in Sources */,
				CB8933A029D0BA8200ACC5F3 /* SearchUsersViewModel.swift in Sources */,
				86B9A7182996CB470077D78B /* CardView.swift in Sources */,
				863CFEB1299A2E4400EBEE7C /* UIViewController+Extensions.swift in Sources */,
				CB8933A229D0C0FF00ACC5F3 /* SearchUsersTableViewCell.swift in Sources */,
				86F35A2E298F037A00BDB116 /* Beam_Analyzer.xcdatamodeld in Sources */,
				CBD0E15B29BF9377004599ED /* DatabaseService.swift in Sources */,
				CBB597C629C7D44F00095AF8 /* ConversationsViewModel.swift in Sources */,
				86F35A24298F037A00BDB116 /* AppDelegate.swift in Sources */,
				865782ED298FED0C00380928 /* AppCoordinator.swift in Sources */,
				865782E9298FEBF600380928 /* SplashScreenViewController.swift in Sources */,
				CB3DD32F29C7BC6D000A7E07 /* MenuViewController.swift in Sources */,
				86B86F2B299D791000A5E3EA /* RegisterViewModel.swift in Sources */,
				CB89339D29D09D3700ACC5F3 /* SearchUsersViewController.swift in Sources */,
				86F35A26298F037A00BDB116 /* SceneDelegate.swift in Sources */,
				CB3DD33E29C7CB2E000A7E07 /* MenuViewModel.swift in Sources */,
				86B86F28299D744D00A5E3EA /* RegisterViewController.swift in Sources */,
				86B9A70C29962E8E0077D78B /* LoginViewModel.swift in Sources */,
				CB3DD33529C7C78B000A7E07 /* ConversationsViewController.swift in Sources */,
				86B9A7132996A1CF0077D78B /* AuthService.swift in Sources */,
				CB2C6BF729D1F5CD00617083 /* SettingsViewController.swift in Sources */,
			);
			runOnlyForDeploymentPostprocessing = 0;
		};
/* End PBXSourcesBuildPhase section */

/* Begin XCBuildConfiguration section */
		86F35A35298F037F00BDB116 /* Debug */ = {
			isa = XCBuildConfiguration;
			buildSettings = {
				ALWAYS_SEARCH_USER_PATHS = NO;
				CLANG_ANALYZER_NONNULL = YES;
				CLANG_ANALYZER_NUMBER_OBJECT_CONVERSION = YES_AGGRESSIVE;
				CLANG_CXX_LANGUAGE_STANDARD = "gnu++20";
				CLANG_ENABLE_MODULES = YES;
				CLANG_ENABLE_OBJC_ARC = YES;
				CLANG_ENABLE_OBJC_WEAK = YES;
				CLANG_WARN_BLOCK_CAPTURE_AUTORELEASING = YES;
				CLANG_WARN_BOOL_CONVERSION = YES;
				CLANG_WARN_COMMA = YES;
				CLANG_WARN_CONSTANT_CONVERSION = YES;
				CLANG_WARN_DEPRECATED_OBJC_IMPLEMENTATIONS = YES;
				CLANG_WARN_DIRECT_OBJC_ISA_USAGE = YES_ERROR;
				CLANG_WARN_DOCUMENTATION_COMMENTS = YES;
				CLANG_WARN_EMPTY_BODY = YES;
				CLANG_WARN_ENUM_CONVERSION = YES;
				CLANG_WARN_INFINITE_RECURSION = YES;
				CLANG_WARN_INT_CONVERSION = YES;
				CLANG_WARN_NON_LITERAL_NULL_CONVERSION = YES;
				CLANG_WARN_OBJC_IMPLICIT_RETAIN_SELF = YES;
				CLANG_WARN_OBJC_LITERAL_CONVERSION = YES;
				CLANG_WARN_OBJC_ROOT_CLASS = YES_ERROR;
				CLANG_WARN_QUOTED_INCLUDE_IN_FRAMEWORK_HEADER = YES;
				CLANG_WARN_RANGE_LOOP_ANALYSIS = YES;
				CLANG_WARN_STRICT_PROTOTYPES = YES;
				CLANG_WARN_SUSPICIOUS_MOVE = YES;
				CLANG_WARN_UNGUARDED_AVAILABILITY = YES_AGGRESSIVE;
				CLANG_WARN_UNREACHABLE_CODE = YES;
				CLANG_WARN__DUPLICATE_METHOD_MATCH = YES;
				COPY_PHASE_STRIP = NO;
				DEBUG_INFORMATION_FORMAT = dwarf;
				ENABLE_STRICT_OBJC_MSGSEND = YES;
				ENABLE_TESTABILITY = YES;
				GCC_C_LANGUAGE_STANDARD = gnu11;
				GCC_DYNAMIC_NO_PIC = NO;
				GCC_NO_COMMON_BLOCKS = YES;
				GCC_OPTIMIZATION_LEVEL = 0;
				GCC_PREPROCESSOR_DEFINITIONS = (
					"DEBUG=1",
					"$(inherited)",
				);
				GCC_WARN_64_TO_32_BIT_CONVERSION = YES;
				GCC_WARN_ABOUT_RETURN_TYPE = YES_ERROR;
				GCC_WARN_UNDECLARED_SELECTOR = YES;
				GCC_WARN_UNINITIALIZED_AUTOS = YES_AGGRESSIVE;
				GCC_WARN_UNUSED_FUNCTION = YES;
				GCC_WARN_UNUSED_VARIABLE = YES;
				IPHONEOS_DEPLOYMENT_TARGET = 16.0;
				MTL_ENABLE_DEBUG_INFO = INCLUDE_SOURCE;
				MTL_FAST_MATH = YES;
				ONLY_ACTIVE_ARCH = YES;
				SDKROOT = iphoneos;
				SWIFT_ACTIVE_COMPILATION_CONDITIONS = DEBUG;
				SWIFT_OPTIMIZATION_LEVEL = "-Onone";
			};
			name = Debug;
		};
		86F35A36298F037F00BDB116 /* Release */ = {
			isa = XCBuildConfiguration;
			buildSettings = {
				ALWAYS_SEARCH_USER_PATHS = NO;
				CLANG_ANALYZER_NONNULL = YES;
				CLANG_ANALYZER_NUMBER_OBJECT_CONVERSION = YES_AGGRESSIVE;
				CLANG_CXX_LANGUAGE_STANDARD = "gnu++20";
				CLANG_ENABLE_MODULES = YES;
				CLANG_ENABLE_OBJC_ARC = YES;
				CLANG_ENABLE_OBJC_WEAK = YES;
				CLANG_WARN_BLOCK_CAPTURE_AUTORELEASING = YES;
				CLANG_WARN_BOOL_CONVERSION = YES;
				CLANG_WARN_COMMA = YES;
				CLANG_WARN_CONSTANT_CONVERSION = YES;
				CLANG_WARN_DEPRECATED_OBJC_IMPLEMENTATIONS = YES;
				CLANG_WARN_DIRECT_OBJC_ISA_USAGE = YES_ERROR;
				CLANG_WARN_DOCUMENTATION_COMMENTS = YES;
				CLANG_WARN_EMPTY_BODY = YES;
				CLANG_WARN_ENUM_CONVERSION = YES;
				CLANG_WARN_INFINITE_RECURSION = YES;
				CLANG_WARN_INT_CONVERSION = YES;
				CLANG_WARN_NON_LITERAL_NULL_CONVERSION = YES;
				CLANG_WARN_OBJC_IMPLICIT_RETAIN_SELF = YES;
				CLANG_WARN_OBJC_LITERAL_CONVERSION = YES;
				CLANG_WARN_OBJC_ROOT_CLASS = YES_ERROR;
				CLANG_WARN_QUOTED_INCLUDE_IN_FRAMEWORK_HEADER = YES;
				CLANG_WARN_RANGE_LOOP_ANALYSIS = YES;
				CLANG_WARN_STRICT_PROTOTYPES = YES;
				CLANG_WARN_SUSPICIOUS_MOVE = YES;
				CLANG_WARN_UNGUARDED_AVAILABILITY = YES_AGGRESSIVE;
				CLANG_WARN_UNREACHABLE_CODE = YES;
				CLANG_WARN__DUPLICATE_METHOD_MATCH = YES;
				COPY_PHASE_STRIP = NO;
				DEBUG_INFORMATION_FORMAT = "dwarf-with-dsym";
				ENABLE_NS_ASSERTIONS = NO;
				ENABLE_STRICT_OBJC_MSGSEND = YES;
				GCC_C_LANGUAGE_STANDARD = gnu11;
				GCC_NO_COMMON_BLOCKS = YES;
				GCC_WARN_64_TO_32_BIT_CONVERSION = YES;
				GCC_WARN_ABOUT_RETURN_TYPE = YES_ERROR;
				GCC_WARN_UNDECLARED_SELECTOR = YES;
				GCC_WARN_UNINITIALIZED_AUTOS = YES_AGGRESSIVE;
				GCC_WARN_UNUSED_FUNCTION = YES;
				GCC_WARN_UNUSED_VARIABLE = YES;
				IPHONEOS_DEPLOYMENT_TARGET = 16.0;
				MTL_ENABLE_DEBUG_INFO = NO;
				MTL_FAST_MATH = YES;
				SDKROOT = iphoneos;
				SWIFT_COMPILATION_MODE = wholemodule;
				SWIFT_OPTIMIZATION_LEVEL = "-O";
				VALIDATE_PRODUCT = YES;
			};
			name = Release;
		};
		86F35A38298F037F00BDB116 /* Debug */ = {
			isa = XCBuildConfiguration;
			buildSettings = {
				ASSETCATALOG_COMPILER_APPICON_NAME = AppIcon;
				ASSETCATALOG_COMPILER_GLOBAL_ACCENT_COLOR_NAME = AccentColor;
				CODE_SIGN_STYLE = Automatic;
				CURRENT_PROJECT_VERSION = 1;
				DEVELOPMENT_TEAM = FYS62UHY46;
				GENERATE_INFOPLIST_FILE = YES;
				INFOPLIST_FILE = "Beam Analyzer/Supporting Files/Info.plist";
				INFOPLIST_KEY_UIApplicationSupportsIndirectInputEvents = YES;
				INFOPLIST_KEY_UILaunchStoryboardName = LaunchScreen;
				INFOPLIST_KEY_UISupportedInterfaceOrientations = UIInterfaceOrientationPortrait;
				INFOPLIST_KEY_UISupportedInterfaceOrientations_iPad = "UIInterfaceOrientationLandscapeLeft UIInterfaceOrientationLandscapeRight UIInterfaceOrientationPortrait UIInterfaceOrientationPortraitUpsideDown";
				IPHONEOS_DEPLOYMENT_TARGET = 15.0;
				LD_RUNPATH_SEARCH_PATHS = (
					"$(inherited)",
					"@executable_path/Frameworks",
				);
				MARKETING_VERSION = 1.0;
				PRODUCT_BUNDLE_IDENTIFIER = "mehmetali.kisacik.Beam-Analyzer";
				PRODUCT_NAME = "$(TARGET_NAME)";
				SWIFT_EMIT_LOC_STRINGS = YES;
				SWIFT_VERSION = 5.0;
				TARGETED_DEVICE_FAMILY = "1,2";
			};
			name = Debug;
		};
		86F35A39298F037F00BDB116 /* Release */ = {
			isa = XCBuildConfiguration;
			buildSettings = {
				ASSETCATALOG_COMPILER_APPICON_NAME = AppIcon;
				ASSETCATALOG_COMPILER_GLOBAL_ACCENT_COLOR_NAME = AccentColor;
				CODE_SIGN_STYLE = Automatic;
				CURRENT_PROJECT_VERSION = 1;
				DEVELOPMENT_TEAM = FYS62UHY46;
				GENERATE_INFOPLIST_FILE = YES;
				INFOPLIST_FILE = "Beam Analyzer/Supporting Files/Info.plist";
				INFOPLIST_KEY_UIApplicationSupportsIndirectInputEvents = YES;
				INFOPLIST_KEY_UILaunchStoryboardName = LaunchScreen;
				INFOPLIST_KEY_UISupportedInterfaceOrientations = UIInterfaceOrientationPortrait;
				INFOPLIST_KEY_UISupportedInterfaceOrientations_iPad = "UIInterfaceOrientationLandscapeLeft UIInterfaceOrientationLandscapeRight UIInterfaceOrientationPortrait UIInterfaceOrientationPortraitUpsideDown";
				IPHONEOS_DEPLOYMENT_TARGET = 15.0;
				LD_RUNPATH_SEARCH_PATHS = (
					"$(inherited)",
					"@executable_path/Frameworks",
				);
				MARKETING_VERSION = 1.0;
				PRODUCT_BUNDLE_IDENTIFIER = "mehmetali.kisacik.Beam-Analyzer";
				PRODUCT_NAME = "$(TARGET_NAME)";
				SWIFT_EMIT_LOC_STRINGS = YES;
				SWIFT_VERSION = 5.0;
				TARGETED_DEVICE_FAMILY = "1,2";
			};
			name = Release;
		};
/* End XCBuildConfiguration section */

/* Begin XCConfigurationList section */
		86F35A1B298F037A00BDB116 /* Build configuration list for PBXProject "Beam Analyzer" */ = {
			isa = XCConfigurationList;
			buildConfigurations = (
				86F35A35298F037F00BDB116 /* Debug */,
				86F35A36298F037F00BDB116 /* Release */,
			);
			defaultConfigurationIsVisible = 0;
			defaultConfigurationName = Release;
		};
		86F35A37298F037F00BDB116 /* Build configuration list for PBXNativeTarget "Beam Analyzer" */ = {
			isa = XCConfigurationList;
			buildConfigurations = (
				86F35A38298F037F00BDB116 /* Debug */,
				86F35A39298F037F00BDB116 /* Release */,
			);
			defaultConfigurationIsVisible = 0;
			defaultConfigurationName = Release;
		};
/* End XCConfigurationList section */

/* Begin XCRemoteSwiftPackageReference section */
		86B9A7142996BB8A0077D78B /* XCRemoteSwiftPackageReference "SnapKit" */ = {
			isa = XCRemoteSwiftPackageReference;
			repositoryURL = "https://github.com/SnapKit/SnapKit";
			requirement = {
				branch = develop;
				kind = branch;
			};
		};
		CB8933A429D0DDFD00ACC5F3 /* XCRemoteSwiftPackageReference "NVActivityIndicatorView" */ = {
			isa = XCRemoteSwiftPackageReference;
			repositoryURL = "https://github.com/ninjaprox/NVActivityIndicatorView";
			requirement = {
				kind = upToNextMajorVersion;
				minimumVersion = 5.0.0;
			};
		};
		CBD0E14F29BF8787004599ED /* XCRemoteSwiftPackageReference "firebase-ios-sdk" */ = {
			isa = XCRemoteSwiftPackageReference;
			repositoryURL = "https://github.com/firebase/firebase-ios-sdk.git";
			requirement = {
				kind = upToNextMajorVersion;
				minimumVersion = 9.0.0;
			};
		};
/* End XCRemoteSwiftPackageReference section */

/* Begin XCSwiftPackageProductDependency section */
		86B9A7152996BB8A0077D78B /* SnapKit */ = {
			isa = XCSwiftPackageProductDependency;
			package = 86B9A7142996BB8A0077D78B /* XCRemoteSwiftPackageReference "SnapKit" */;
			productName = SnapKit;
		};
		CB8933A529D0DDFD00ACC5F3 /* NVActivityIndicatorView */ = {
			isa = XCSwiftPackageProductDependency;
			package = CB8933A429D0DDFD00ACC5F3 /* XCRemoteSwiftPackageReference "NVActivityIndicatorView" */;
			productName = NVActivityIndicatorView;
		};
		CBD0E15029BF8787004599ED /* FirebaseAuth */ = {
			isa = XCSwiftPackageProductDependency;
			package = CBD0E14F29BF8787004599ED /* XCRemoteSwiftPackageReference "firebase-ios-sdk" */;
			productName = FirebaseAuth;
		};
		CBD0E15229BF8787004599ED /* FirebaseDatabase */ = {
			isa = XCSwiftPackageProductDependency;
			package = CBD0E14F29BF8787004599ED /* XCRemoteSwiftPackageReference "firebase-ios-sdk" */;
			productName = FirebaseDatabase;
		};
		CBD0E15429BF8787004599ED /* FirebaseDatabaseSwift */ = {
			isa = XCSwiftPackageProductDependency;
			package = CBD0E14F29BF8787004599ED /* XCRemoteSwiftPackageReference "firebase-ios-sdk" */;
			productName = FirebaseDatabaseSwift;
		};
		CBD0E15629BF8787004599ED /* FirebaseMessaging */ = {
			isa = XCSwiftPackageProductDependency;
			package = CBD0E14F29BF8787004599ED /* XCRemoteSwiftPackageReference "firebase-ios-sdk" */;
			productName = FirebaseMessaging;
		};
/* End XCSwiftPackageProductDependency section */

/* Begin XCVersionGroup section */
		86F35A2C298F037A00BDB116 /* Beam_Analyzer.xcdatamodeld */ = {
			isa = XCVersionGroup;
			children = (
				86F35A2D298F037A00BDB116 /* Beam_Analyzer.xcdatamodel */,
			);
			currentVersion = 86F35A2D298F037A00BDB116 /* Beam_Analyzer.xcdatamodel */;
			path = Beam_Analyzer.xcdatamodeld;
			sourceTree = "<group>";
			versionGroupType = wrapper.xcdatamodel;
		};
/* End XCVersionGroup section */
	};
	rootObject = 86F35A18298F037A00BDB116 /* Project object */;
}
